// !$*UTF8*$!
{
	archiveVersion = 1;
	classes = {
	};
	objectVersion = 46;
	objects = {

/* Begin PBXBuildFile section */
		9AF17210016211E428B87CB0 /* libPods-Journey Sketch.a in Frameworks */ = {isa = PBXBuildFile; fileRef = A665AAB2E9804C4973F8CCD5 /* libPods-Journey Sketch.a */; };
		C90959181DF53A1600271D25 /* DayCollectionViewCell.m in Sources */ = {isa = PBXBuildFile; fileRef = C90959171DF53A1600271D25 /* DayCollectionViewCell.m */; };
		C909591B1DF53A3800271D25 /* DayCollectionReusableView.m in Sources */ = {isa = PBXBuildFile; fileRef = C909591A1DF53A3800271D25 /* DayCollectionReusableView.m */; };
		C909592F1DF587C900271D25 /* TripUICollectionViewController.m in Sources */ = {isa = PBXBuildFile; fileRef = C909592D1DF587C900271D25 /* TripUICollectionViewController.m */; };
		C909593F1DF59AED00271D25 /* StartPlaceViewController.m in Sources */ = {isa = PBXBuildFile; fileRef = C909593E1DF59AED00271D25 /* StartPlaceViewController.m */; };
		C90959411DF5A07E00271D25 /* historically-1757930_1280.jpg in Resources */ = {isa = PBXBuildFile; fileRef = C90959401DF5A07E00271D25 /* historically-1757930_1280.jpg */; };
		C90959451DF5B47300271D25 /* startImage.png in Resources */ = {isa = PBXBuildFile; fileRef = C90959441DF5B47300271D25 /* startImage.png */; };
		C90F1E301E0593A500CE2FE3 /* default_museum.jpg in Resources */ = {isa = PBXBuildFile; fileRef = C90F1E2F1E0593A500CE2FE3 /* default_museum.jpg */; };
		C90F1E321E0599D800CE2FE3 /* start.jpg in Resources */ = {isa = PBXBuildFile; fileRef = C90F1E311E0599D800CE2FE3 /* start.jpg */; };
		C90F1E341E059B7300CE2FE3 /* title.png in Resources */ = {isa = PBXBuildFile; fileRef = C90F1E331E059B7300CE2FE3 /* title.png */; };
		C91705AF1DFAE36B00A7B272 /* searchPlace.jpg in Resources */ = {isa = PBXBuildFile; fileRef = C91705AE1DFAE36B00A7B272 /* searchPlace.jpg */; };
		C91869A21DF7F958001A6AC2 /* CoreDataClass.m in Sources */ = {isa = PBXBuildFile; fileRef = C91869A11DF7F958001A6AC2 /* CoreDataClass.m */; };
		C91869CC1DF80B16001A6AC2 /* Place+CoreDataClass.m in Sources */ = {isa = PBXBuildFile; fileRef = C91869C11DF80B16001A6AC2 /* Place+CoreDataClass.m */; };
		C91869CD1DF80B16001A6AC2 /* Place+CoreDataProperties.m in Sources */ = {isa = PBXBuildFile; fileRef = C91869C31DF80B16001A6AC2 /* Place+CoreDataProperties.m */; };
		C91869CE1DF80B16001A6AC2 /* Date+CoreDataClass.m in Sources */ = {isa = PBXBuildFile; fileRef = C91869C51DF80B16001A6AC2 /* Date+CoreDataClass.m */; };
		C91869CF1DF80B16001A6AC2 /* Date+CoreDataProperties.m in Sources */ = {isa = PBXBuildFile; fileRef = C91869C71DF80B16001A6AC2 /* Date+CoreDataProperties.m */; };
		C91869D01DF80B16001A6AC2 /* Trip+CoreDataClass.m in Sources */ = {isa = PBXBuildFile; fileRef = C91869C91DF80B16001A6AC2 /* Trip+CoreDataClass.m */; };
		C9186A161DF840B3001A6AC2 /* Trip+CoreDataProperties.m in Sources */ = {isa = PBXBuildFile; fileRef = C9186A151DF840B3001A6AC2 /* Trip+CoreDataProperties.m */; };
		C9186A1C1DF8498E001A6AC2 /* CreateNewTripViewController.m in Sources */ = {isa = PBXBuildFile; fileRef = C9186A1B1DF8498E001A6AC2 /* CreateNewTripViewController.m */; };
		C91BDE331DF035A700379814 /* CoreLocation.framework in Frameworks */ = {isa = PBXBuildFile; fileRef = C91BDE321DF035A700379814 /* CoreLocation.framework */; };
		C969E8AE1DF1C9E000E1DF67 /* Journey.xcdatamodeld in Sources */ = {isa = PBXBuildFile; fileRef = C969E8AC1DF1C9E000E1DF67 /* Journey.xcdatamodeld */; };
		C969E8B41DF1CD5200E1DF67 /* clouds-1845097_1280.jpg in Resources */ = {isa = PBXBuildFile; fileRef = C969E8B31DF1CD5200E1DF67 /* clouds-1845097_1280.jpg */; };
		C969E8BA1DF1D43B00E1DF67 /* DayCollectionViewController.m in Sources */ = {isa = PBXBuildFile; fileRef = C969E8B91DF1D43B00E1DF67 /* DayCollectionViewController.m */; };
		C969E8BD1DF1D94B00E1DF67 /* TripCollectionViewCell.m in Sources */ = {isa = PBXBuildFile; fileRef = C969E8BC1DF1D94B00E1DF67 /* TripCollectionViewCell.m */; };
		C9A8E5E11DF67EA80011279A /* PlaceViewController.m in Sources */ = {isa = PBXBuildFile; fileRef = C9A8E5E01DF67EA80011279A /* PlaceViewController.m */; };
		C9A8E5E41DF685C20011279A /* PlaceMapViewController.m in Sources */ = {isa = PBXBuildFile; fileRef = C9A8E5E31DF685C20011279A /* PlaceMapViewController.m */; };
		C9C111EB1DBDF9D200503177 /* main.m in Sources */ = {isa = PBXBuildFile; fileRef = C9C111EA1DBDF9D200503177 /* main.m */; };
		C9C111EE1DBDF9D200503177 /* AppDelegate.m in Sources */ = {isa = PBXBuildFile; fileRef = C9C111ED1DBDF9D200503177 /* AppDelegate.m */; };
		C9C111F11DBDF9D200503177 /* ViewController.m in Sources */ = {isa = PBXBuildFile; fileRef = C9C111F01DBDF9D200503177 /* ViewController.m */; };
		C9C111F41DBDF9D200503177 /* Main.storyboard in Resources */ = {isa = PBXBuildFile; fileRef = C9C111F21DBDF9D200503177 /* Main.storyboard */; };
		C9C111F61DBDF9D200503177 /* Assets.xcassets in Resources */ = {isa = PBXBuildFile; fileRef = C9C111F51DBDF9D200503177 /* Assets.xcassets */; };
		C9C111F91DBDF9D200503177 /* LaunchScreen.storyboard in Resources */ = {isa = PBXBuildFile; fileRef = C9C111F71DBDF9D200503177 /* LaunchScreen.storyboard */; };
		C9C112041DBDF9D200503177 /* Journey_SketchTests.m in Sources */ = {isa = PBXBuildFile; fileRef = C9C112031DBDF9D200503177 /* Journey_SketchTests.m */; };
		C9C1120F1DBDF9D200503177 /* Journey_SketchUITests.m in Sources */ = {isa = PBXBuildFile; fileRef = C9C1120E1DBDF9D200503177 /* Journey_SketchUITests.m */; };
		C9F8E1701DFD2C5400CA2634 /* CreateTripToDayNavigationViewController.m in Sources */ = {isa = PBXBuildFile; fileRef = C9F8E16F1DFD2C5400CA2634 /* CreateTripToDayNavigationViewController.m */; };
		C9F9BA211DF160B600F8B2B2 /* PageViewController.m in Sources */ = {isa = PBXBuildFile; fileRef = C9F9BA201DF160B600F8B2B2 /* PageViewController.m */; };
/* End PBXBuildFile section */

/* Begin PBXContainerItemProxy section */
		C9C112001DBDF9D200503177 /* PBXContainerItemProxy */ = {
			isa = PBXContainerItemProxy;
			containerPortal = C9C111DE1DBDF9D200503177 /* Project object */;
			proxyType = 1;
			remoteGlobalIDString = C9C111E51DBDF9D200503177;
			remoteInfo = "Journey Sketch";
		};
		C9C1120B1DBDF9D200503177 /* PBXContainerItemProxy */ = {
			isa = PBXContainerItemProxy;
			containerPortal = C9C111DE1DBDF9D200503177 /* Project object */;
			proxyType = 1;
			remoteGlobalIDString = C9C111E51DBDF9D200503177;
			remoteInfo = "Journey Sketch";
		};
/* End PBXContainerItemProxy section */

/* Begin PBXFileReference section */
		21D1C6F82E94EC43977A8F71 /* Pods-Journey Sketch.release.xcconfig */ = {isa = PBXFileReference; includeInIndex = 1; lastKnownFileType = text.xcconfig; name = "Pods-Journey Sketch.release.xcconfig"; path = "Pods/Target Support Files/Pods-Journey Sketch/Pods-Journey Sketch.release.xcconfig"; sourceTree = "<group>"; };
		A665AAB2E9804C4973F8CCD5 /* libPods-Journey Sketch.a */ = {isa = PBXFileReference; explicitFileType = archive.ar; includeInIndex = 0; path = "libPods-Journey Sketch.a"; sourceTree = BUILT_PRODUCTS_DIR; };
		C90959161DF53A1600271D25 /* DayCollectionViewCell.h */ = {isa = PBXFileReference; fileEncoding = 4; lastKnownFileType = sourcecode.c.h; name = DayCollectionViewCell.h; path = "Journey Sketch/DayCollectionViewCell.h"; sourceTree = "<group>"; };
		C90959171DF53A1600271D25 /* DayCollectionViewCell.m */ = {isa = PBXFileReference; fileEncoding = 4; lastKnownFileType = sourcecode.c.objc; name = DayCollectionViewCell.m; path = "Journey Sketch/DayCollectionViewCell.m"; sourceTree = "<group>"; };
		C90959191DF53A3800271D25 /* DayCollectionReusableView.h */ = {isa = PBXFileReference; fileEncoding = 4; lastKnownFileType = sourcecode.c.h; name = DayCollectionReusableView.h; path = "Journey Sketch/DayCollectionReusableView.h"; sourceTree = "<group>"; };
		C909591A1DF53A3800271D25 /* DayCollectionReusableView.m */ = {isa = PBXFileReference; fileEncoding = 4; lastKnownFileType = sourcecode.c.objc; name = DayCollectionReusableView.m; path = "Journey Sketch/DayCollectionReusableView.m"; sourceTree = "<group>"; };
		C909592D1DF587C900271D25 /* TripUICollectionViewController.m */ = {isa = PBXFileReference; fileEncoding = 4; lastKnownFileType = sourcecode.c.objc; path = TripUICollectionViewController.m; sourceTree = "<group>"; };
		C909592E1DF587C900271D25 /* TripUICollectionViewController.h */ = {isa = PBXFileReference; fileEncoding = 4; lastKnownFileType = sourcecode.c.h; path = TripUICollectionViewController.h; sourceTree = "<group>"; };
		C909593D1DF59AED00271D25 /* StartPlaceViewController.h */ = {isa = PBXFileReference; fileEncoding = 4; lastKnownFileType = sourcecode.c.h; path = StartPlaceViewController.h; sourceTree = "<group>"; };
		C909593E1DF59AED00271D25 /* StartPlaceViewController.m */ = {isa = PBXFileReference; fileEncoding = 4; lastKnownFileType = sourcecode.c.objc; path = StartPlaceViewController.m; sourceTree = "<group>"; };
		C90959401DF5A07E00271D25 /* historically-1757930_1280.jpg */ = {isa = PBXFileReference; lastKnownFileType = image.jpeg; path = "historically-1757930_1280.jpg"; sourceTree = "<group>"; };
		C90959441DF5B47300271D25 /* startImage.png */ = {isa = PBXFileReference; lastKnownFileType = image.png; path = startImage.png; sourceTree = "<group>"; };
		C90F1E2F1E0593A500CE2FE3 /* default_museum.jpg */ = {isa = PBXFileReference; lastKnownFileType = image.jpeg; path = default_museum.jpg; sourceTree = "<group>"; };
		C90F1E311E0599D800CE2FE3 /* start.jpg */ = {isa = PBXFileReference; lastKnownFileType = image.jpeg; path = start.jpg; sourceTree = "<group>"; };
		C90F1E331E059B7300CE2FE3 /* title.png */ = {isa = PBXFileReference; lastKnownFileType = image.png; path = title.png; sourceTree = "<group>"; };
		C91705AE1DFAE36B00A7B272 /* searchPlace.jpg */ = {isa = PBXFileReference; lastKnownFileType = image.jpeg; path = searchPlace.jpg; sourceTree = "<group>"; };
		C91869A01DF7F958001A6AC2 /* CoreDataClass.h */ = {isa = PBXFileReference; fileEncoding = 4; lastKnownFileType = sourcecode.c.h; path = CoreDataClass.h; sourceTree = "<group>"; };
		C91869A11DF7F958001A6AC2 /* CoreDataClass.m */ = {isa = PBXFileReference; fileEncoding = 4; lastKnownFileType = sourcecode.c.objc; path = CoreDataClass.m; sourceTree = "<group>"; };
		C91869A31DF7FE45001A6AC2 /* Journey Sketch-Bridging-Header.h */ = {isa = PBXFileReference; lastKnownFileType = sourcecode.c.h; path = "Journey Sketch-Bridging-Header.h"; sourceTree = "<group>"; };
		C91869C01DF80B16001A6AC2 /* Place+CoreDataClass.h */ = {isa = PBXFileReference; fileEncoding = 4; lastKnownFileType = sourcecode.c.h; name = "Place+CoreDataClass.h"; path = "../Place+CoreDataClass.h"; sourceTree = "<group>"; };
		C91869C11DF80B16001A6AC2 /* Place+CoreDataClass.m */ = {isa = PBXFileReference; fileEncoding = 4; lastKnownFileType = sourcecode.c.objc; name = "Place+CoreDataClass.m"; path = "../Place+CoreDataClass.m"; sourceTree = "<group>"; };
		C91869C21DF80B16001A6AC2 /* Place+CoreDataProperties.h */ = {isa = PBXFileReference; fileEncoding = 4; lastKnownFileType = sourcecode.c.h; name = "Place+CoreDataProperties.h"; path = "../Place+CoreDataProperties.h"; sourceTree = "<group>"; };
		C91869C31DF80B16001A6AC2 /* Place+CoreDataProperties.m */ = {isa = PBXFileReference; fileEncoding = 4; lastKnownFileType = sourcecode.c.objc; name = "Place+CoreDataProperties.m"; path = "../Place+CoreDataProperties.m"; sourceTree = "<group>"; };
		C91869C41DF80B16001A6AC2 /* Date+CoreDataClass.h */ = {isa = PBXFileReference; fileEncoding = 4; lastKnownFileType = sourcecode.c.h; name = "Date+CoreDataClass.h"; path = "../Date+CoreDataClass.h"; sourceTree = "<group>"; };
		C91869C51DF80B16001A6AC2 /* Date+CoreDataClass.m */ = {isa = PBXFileReference; fileEncoding = 4; lastKnownFileType = sourcecode.c.objc; name = "Date+CoreDataClass.m"; path = "../Date+CoreDataClass.m"; sourceTree = "<group>"; };
		C91869C61DF80B16001A6AC2 /* Date+CoreDataProperties.h */ = {isa = PBXFileReference; fileEncoding = 4; lastKnownFileType = sourcecode.c.h; name = "Date+CoreDataProperties.h"; path = "../Date+CoreDataProperties.h"; sourceTree = "<group>"; };
		C91869C71DF80B16001A6AC2 /* Date+CoreDataProperties.m */ = {isa = PBXFileReference; fileEncoding = 4; lastKnownFileType = sourcecode.c.objc; name = "Date+CoreDataProperties.m"; path = "../Date+CoreDataProperties.m"; sourceTree = "<group>"; };
		C91869C81DF80B16001A6AC2 /* Trip+CoreDataClass.h */ = {isa = PBXFileReference; fileEncoding = 4; lastKnownFileType = sourcecode.c.h; name = "Trip+CoreDataClass.h"; path = "../Trip+CoreDataClass.h"; sourceTree = "<group>"; };
		C91869C91DF80B16001A6AC2 /* Trip+CoreDataClass.m */ = {isa = PBXFileReference; fileEncoding = 4; lastKnownFileType = sourcecode.c.objc; name = "Trip+CoreDataClass.m"; path = "../Trip+CoreDataClass.m"; sourceTree = "<group>"; };
		C9186A141DF840B3001A6AC2 /* Trip+CoreDataProperties.h */ = {isa = PBXFileReference; fileEncoding = 4; lastKnownFileType = sourcecode.c.h; name = "Trip+CoreDataProperties.h"; path = "../Trip+CoreDataProperties.h"; sourceTree = "<group>"; };
		C9186A151DF840B3001A6AC2 /* Trip+CoreDataProperties.m */ = {isa = PBXFileReference; fileEncoding = 4; lastKnownFileType = sourcecode.c.objc; name = "Trip+CoreDataProperties.m"; path = "../Trip+CoreDataProperties.m"; sourceTree = "<group>"; };
		C9186A1A1DF8498E001A6AC2 /* CreateNewTripViewController.h */ = {isa = PBXFileReference; fileEncoding = 4; lastKnownFileType = sourcecode.c.h; path = CreateNewTripViewController.h; sourceTree = "<group>"; };
		C9186A1B1DF8498E001A6AC2 /* CreateNewTripViewController.m */ = {isa = PBXFileReference; fileEncoding = 4; lastKnownFileType = sourcecode.c.objc; path = CreateNewTripViewController.m; sourceTree = "<group>"; };
		C91BDE321DF035A700379814 /* CoreLocation.framework */ = {isa = PBXFileReference; lastKnownFileType = wrapper.framework; name = CoreLocation.framework; path = System/Library/Frameworks/CoreLocation.framework; sourceTree = SDKROOT; };
		C969E8AD1DF1C9E000E1DF67 /* Journey.xcdatamodel */ = {isa = PBXFileReference; lastKnownFileType = wrapper.xcdatamodel; path = Journey.xcdatamodel; sourceTree = "<group>"; };
		C969E8B31DF1CD5200E1DF67 /* clouds-1845097_1280.jpg */ = {isa = PBXFileReference; lastKnownFileType = image.jpeg; path = "clouds-1845097_1280.jpg"; sourceTree = "<group>"; };
		C969E8B81DF1D43B00E1DF67 /* DayCollectionViewController.h */ = {isa = PBXFileReference; fileEncoding = 4; lastKnownFileType = sourcecode.c.h; name = DayCollectionViewController.h; path = "Journey Sketch/DayCollectionViewController.h"; sourceTree = "<group>"; };
		C969E8B91DF1D43B00E1DF67 /* DayCollectionViewController.m */ = {isa = PBXFileReference; fileEncoding = 4; lastKnownFileType = sourcecode.c.objc; name = DayCollectionViewController.m; path = "Journey Sketch/DayCollectionViewController.m"; sourceTree = "<group>"; };
		C969E8BB1DF1D94B00E1DF67 /* TripCollectionViewCell.h */ = {isa = PBXFileReference; fileEncoding = 4; lastKnownFileType = sourcecode.c.h; path = TripCollectionViewCell.h; sourceTree = "<group>"; };
		C969E8BC1DF1D94B00E1DF67 /* TripCollectionViewCell.m */ = {isa = PBXFileReference; fileEncoding = 4; lastKnownFileType = sourcecode.c.objc; path = TripCollectionViewCell.m; sourceTree = "<group>"; };
		C9A8E5DF1DF67EA80011279A /* PlaceViewController.h */ = {isa = PBXFileReference; fileEncoding = 4; lastKnownFileType = sourcecode.c.h; path = PlaceViewController.h; sourceTree = "<group>"; };
		C9A8E5E01DF67EA80011279A /* PlaceViewController.m */ = {isa = PBXFileReference; fileEncoding = 4; lastKnownFileType = sourcecode.c.objc; path = PlaceViewController.m; sourceTree = "<group>"; };
		C9A8E5E21DF685C20011279A /* PlaceMapViewController.h */ = {isa = PBXFileReference; fileEncoding = 4; lastKnownFileType = sourcecode.c.h; path = PlaceMapViewController.h; sourceTree = "<group>"; };
		C9A8E5E31DF685C20011279A /* PlaceMapViewController.m */ = {isa = PBXFileReference; fileEncoding = 4; lastKnownFileType = sourcecode.c.objc; path = PlaceMapViewController.m; sourceTree = "<group>"; };
		C9C111E61DBDF9D200503177 /* Journey Sketch.app */ = {isa = PBXFileReference; explicitFileType = wrapper.application; includeInIndex = 0; path = "Journey Sketch.app"; sourceTree = BUILT_PRODUCTS_DIR; };
		C9C111EA1DBDF9D200503177 /* main.m */ = {isa = PBXFileReference; lastKnownFileType = sourcecode.c.objc; path = main.m; sourceTree = "<group>"; };
		C9C111EC1DBDF9D200503177 /* AppDelegate.h */ = {isa = PBXFileReference; lastKnownFileType = sourcecode.c.h; path = AppDelegate.h; sourceTree = "<group>"; };
		C9C111ED1DBDF9D200503177 /* AppDelegate.m */ = {isa = PBXFileReference; lastKnownFileType = sourcecode.c.objc; path = AppDelegate.m; sourceTree = "<group>"; };
		C9C111EF1DBDF9D200503177 /* ViewController.h */ = {isa = PBXFileReference; lastKnownFileType = sourcecode.c.h; path = ViewController.h; sourceTree = "<group>"; };
		C9C111F01DBDF9D200503177 /* ViewController.m */ = {isa = PBXFileReference; lastKnownFileType = sourcecode.c.objc; path = ViewController.m; sourceTree = "<group>"; };
		C9C111F31DBDF9D200503177 /* Base */ = {isa = PBXFileReference; lastKnownFileType = file.storyboard; name = Base; path = Base.lproj/Main.storyboard; sourceTree = "<group>"; };
		C9C111F51DBDF9D200503177 /* Assets.xcassets */ = {isa = PBXFileReference; lastKnownFileType = folder.assetcatalog; path = Assets.xcassets; sourceTree = "<group>"; };
		C9C111F81DBDF9D200503177 /* Base */ = {isa = PBXFileReference; lastKnownFileType = file.storyboard; name = Base; path = Base.lproj/LaunchScreen.storyboard; sourceTree = "<group>"; };
		C9C111FA1DBDF9D200503177 /* Info.plist */ = {isa = PBXFileReference; lastKnownFileType = text.plist.xml; path = Info.plist; sourceTree = "<group>"; };
		C9C111FF1DBDF9D200503177 /* Journey SketchTests.xctest */ = {isa = PBXFileReference; explicitFileType = wrapper.cfbundle; includeInIndex = 0; path = "Journey SketchTests.xctest"; sourceTree = BUILT_PRODUCTS_DIR; };
		C9C112031DBDF9D200503177 /* Journey_SketchTests.m */ = {isa = PBXFileReference; lastKnownFileType = sourcecode.c.objc; path = Journey_SketchTests.m; sourceTree = "<group>"; };
		C9C112051DBDF9D200503177 /* Info.plist */ = {isa = PBXFileReference; lastKnownFileType = text.plist.xml; path = Info.plist; sourceTree = "<group>"; };
		C9C1120A1DBDF9D200503177 /* Journey SketchUITests.xctest */ = {isa = PBXFileReference; explicitFileType = wrapper.cfbundle; includeInIndex = 0; path = "Journey SketchUITests.xctest"; sourceTree = BUILT_PRODUCTS_DIR; };
		C9C1120E1DBDF9D200503177 /* Journey_SketchUITests.m */ = {isa = PBXFileReference; lastKnownFileType = sourcecode.c.objc; path = Journey_SketchUITests.m; sourceTree = "<group>"; };
		C9C112101DBDF9D200503177 /* Info.plist */ = {isa = PBXFileReference; lastKnownFileType = text.plist.xml; path = Info.plist; sourceTree = "<group>"; };
		C9F8E16E1DFD2C5400CA2634 /* CreateTripToDayNavigationViewController.h */ = {isa = PBXFileReference; fileEncoding = 4; lastKnownFileType = sourcecode.c.h; path = CreateTripToDayNavigationViewController.h; sourceTree = "<group>"; };
		C9F8E16F1DFD2C5400CA2634 /* CreateTripToDayNavigationViewController.m */ = {isa = PBXFileReference; fileEncoding = 4; lastKnownFileType = sourcecode.c.objc; path = CreateTripToDayNavigationViewController.m; sourceTree = "<group>"; };
		C9F9BA1F1DF160B600F8B2B2 /* PageViewController.h */ = {isa = PBXFileReference; fileEncoding = 4; lastKnownFileType = sourcecode.c.h; path = PageViewController.h; sourceTree = "<group>"; };
		C9F9BA201DF160B600F8B2B2 /* PageViewController.m */ = {isa = PBXFileReference; fileEncoding = 4; lastKnownFileType = sourcecode.c.objc; path = PageViewController.m; sourceTree = "<group>"; };
		EFA8687ABDC97327C65B089D /* Pods-Journey Sketch.debug.xcconfig */ = {isa = PBXFileReference; includeInIndex = 1; lastKnownFileType = text.xcconfig; name = "Pods-Journey Sketch.debug.xcconfig"; path = "Pods/Target Support Files/Pods-Journey Sketch/Pods-Journey Sketch.debug.xcconfig"; sourceTree = "<group>"; };
/* End PBXFileReference section */

/* Begin PBXFrameworksBuildPhase section */
		C9C111E31DBDF9D200503177 /* Frameworks */ = {
			isa = PBXFrameworksBuildPhase;
			buildActionMask = 2147483647;
			files = (
				C91BDE331DF035A700379814 /* CoreLocation.framework in Frameworks */,
				9AF17210016211E428B87CB0 /* libPods-Journey Sketch.a in Frameworks */,
			);
			runOnlyForDeploymentPostprocessing = 0;
		};
		C9C111FC1DBDF9D200503177 /* Frameworks */ = {
			isa = PBXFrameworksBuildPhase;
			buildActionMask = 2147483647;
			files = (
			);
			runOnlyForDeploymentPostprocessing = 0;
		};
		C9C112071DBDF9D200503177 /* Frameworks */ = {
			isa = PBXFrameworksBuildPhase;
			buildActionMask = 2147483647;
			files = (
			);
			runOnlyForDeploymentPostprocessing = 0;
		};
/* End PBXFrameworksBuildPhase section */

/* Begin PBXGroup section */
		090E4CEB16D758FA749945D5 /* Pods */ = {
			isa = PBXGroup;
			children = (
				EFA8687ABDC97327C65B089D /* Pods-Journey Sketch.debug.xcconfig */,
				21D1C6F82E94EC43977A8F71 /* Pods-Journey Sketch.release.xcconfig */,
			);
			name = Pods;
			sourceTree = "<group>";
		};
		250ADA76283F2A1A6804FD83 /* Frameworks */ = {
			isa = PBXGroup;
			children = (
				C91BDE321DF035A700379814 /* CoreLocation.framework */,
				A665AAB2E9804C4973F8CCD5 /* libPods-Journey Sketch.a */,
			);
			name = Frameworks;
			sourceTree = "<group>";
		};
		C909592B1DF5853000271D25 /* Day */ = {
			isa = PBXGroup;
			children = (
				C969E8B81DF1D43B00E1DF67 /* DayCollectionViewController.h */,
				C969E8B91DF1D43B00E1DF67 /* DayCollectionViewController.m */,
				C90959161DF53A1600271D25 /* DayCollectionViewCell.h */,
				C90959171DF53A1600271D25 /* DayCollectionViewCell.m */,
				C90959191DF53A3800271D25 /* DayCollectionReusableView.h */,
				C909591A1DF53A3800271D25 /* DayCollectionReusableView.m */,
			);
			name = Day;
			path = ..;
			sourceTree = "<group>";
		};
		C909592C1DF5856000271D25 /* Trip */ = {
			isa = PBXGroup;
			children = (
				C969E8BB1DF1D94B00E1DF67 /* TripCollectionViewCell.h */,
				C969E8BC1DF1D94B00E1DF67 /* TripCollectionViewCell.m */,
				C909592E1DF587C900271D25 /* TripUICollectionViewController.h */,
				C909592D1DF587C900271D25 /* TripUICollectionViewController.m */,
			);
			name = Trip;
			sourceTree = "<group>";
		};
		C90959331DF5930800271D25 /* addNewTrip */ = {
			isa = PBXGroup;
			children = (
				C9186A1A1DF8498E001A6AC2 /* CreateNewTripViewController.h */,
				C9186A1B1DF8498E001A6AC2 /* CreateNewTripViewController.m */,
				C9F8E16E1DFD2C5400CA2634 /* CreateTripToDayNavigationViewController.h */,
				C9F8E16F1DFD2C5400CA2634 /* CreateTripToDayNavigationViewController.m */,
			);
			name = addNewTrip;
			sourceTree = "<group>";
		};
		C918699F1DF7F958001A6AC2 /* CoreData */ = {
			isa = PBXGroup;
			children = (
				C91869A01DF7F958001A6AC2 /* CoreDataClass.h */,
				C91869A11DF7F958001A6AC2 /* CoreDataClass.m */,
				C91869C01DF80B16001A6AC2 /* Place+CoreDataClass.h */,
				C91869C11DF80B16001A6AC2 /* Place+CoreDataClass.m */,
				C91869C21DF80B16001A6AC2 /* Place+CoreDataProperties.h */,
				C91869C31DF80B16001A6AC2 /* Place+CoreDataProperties.m */,
				C91869C41DF80B16001A6AC2 /* Date+CoreDataClass.h */,
				C91869C51DF80B16001A6AC2 /* Date+CoreDataClass.m */,
				C91869C61DF80B16001A6AC2 /* Date+CoreDataProperties.h */,
				C91869C71DF80B16001A6AC2 /* Date+CoreDataProperties.m */,
				C91869C81DF80B16001A6AC2 /* Trip+CoreDataClass.h */,
				C91869C91DF80B16001A6AC2 /* Trip+CoreDataClass.m */,
				C9186A141DF840B3001A6AC2 /* Trip+CoreDataProperties.h */,
				C9186A151DF840B3001A6AC2 /* Trip+CoreDataProperties.m */,
			);
			path = CoreData;
			sourceTree = "<group>";
		};
		C969E8B21DF1CD5200E1DF67 /* Image */ = {
			isa = PBXGroup;
			children = (
				C90F1E331E059B7300CE2FE3 /* title.png */,
				C90F1E311E0599D800CE2FE3 /* start.jpg */,
				C90F1E2F1E0593A500CE2FE3 /* default_museum.jpg */,
				C91705AE1DFAE36B00A7B272 /* searchPlace.jpg */,
				C90959401DF5A07E00271D25 /* historically-1757930_1280.jpg */,
				C90959441DF5B47300271D25 /* startImage.png */,
				C969E8B31DF1CD5200E1DF67 /* clouds-1845097_1280.jpg */,
			);
			path = Image;
			sourceTree = "<group>";
		};
		C9A8E5DE1DF67E7D0011279A /* Place */ = {
			isa = PBXGroup;
			children = (
				C9A8E5DF1DF67EA80011279A /* PlaceViewController.h */,
				C9A8E5E01DF67EA80011279A /* PlaceViewController.m */,
				C9A8E5E21DF685C20011279A /* PlaceMapViewController.h */,
				C9A8E5E31DF685C20011279A /* PlaceMapViewController.m */,
				C909593D1DF59AED00271D25 /* StartPlaceViewController.h */,
				C909593E1DF59AED00271D25 /* StartPlaceViewController.m */,
			);
			name = Place;
			sourceTree = "<group>";
		};
		C9C111DD1DBDF9D200503177 = {
			isa = PBXGroup;
			children = (
				C9C111E81DBDF9D200503177 /* Journey Sketch */,
				C9C112021DBDF9D200503177 /* Journey SketchTests */,
				C9C1120D1DBDF9D200503177 /* Journey SketchUITests */,
				C9C111E71DBDF9D200503177 /* Products */,
				090E4CEB16D758FA749945D5 /* Pods */,
				250ADA76283F2A1A6804FD83 /* Frameworks */,
			);
			sourceTree = "<group>";
		};
		C9C111E71DBDF9D200503177 /* Products */ = {
			isa = PBXGroup;
			children = (
				C9C111E61DBDF9D200503177 /* Journey Sketch.app */,
				C9C111FF1DBDF9D200503177 /* Journey SketchTests.xctest */,
				C9C1120A1DBDF9D200503177 /* Journey SketchUITests.xctest */,
			);
			name = Products;
			sourceTree = "<group>";
		};
		C9C111E81DBDF9D200503177 /* Journey Sketch */ = {
			isa = PBXGroup;
			children = (
				C969E8B21DF1CD5200E1DF67 /* Image */,
				C969E8AC1DF1C9E000E1DF67 /* Journey.xcdatamodeld */,
				C9C111F21DBDF9D200503177 /* Main.storyboard */,
				C918699F1DF7F958001A6AC2 /* CoreData */,
				C909592C1DF5856000271D25 /* Trip */,
				C909592B1DF5853000271D25 /* Day */,
				C90959331DF5930800271D25 /* addNewTrip */,
				C9A8E5DE1DF67E7D0011279A /* Place */,
				C9C111F01DBDF9D200503177 /* ViewController.m */,
				C9C111EF1DBDF9D200503177 /* ViewController.h */,
				C9C111EC1DBDF9D200503177 /* AppDelegate.h */,
				C9C111ED1DBDF9D200503177 /* AppDelegate.m */,
				C9F9BA1F1DF160B600F8B2B2 /* PageViewController.h */,
				C9F9BA201DF160B600F8B2B2 /* PageViewController.m */,
				C9C111F51DBDF9D200503177 /* Assets.xcassets */,
				C9C111F71DBDF9D200503177 /* LaunchScreen.storyboard */,
				C9C111FA1DBDF9D200503177 /* Info.plist */,
				C9C111E91DBDF9D200503177 /* Supporting Files */,
				C91869A31DF7FE45001A6AC2 /* Journey Sketch-Bridging-Header.h */,
			);
			path = "Journey Sketch";
			sourceTree = "<group>";
		};
		C9C111E91DBDF9D200503177 /* Supporting Files */ = {
			isa = PBXGroup;
			children = (
				C9C111EA1DBDF9D200503177 /* main.m */,
			);
			name = "Supporting Files";
			sourceTree = "<group>";
		};
		C9C112021DBDF9D200503177 /* Journey SketchTests */ = {
			isa = PBXGroup;
			children = (
				C9C112031DBDF9D200503177 /* Journey_SketchTests.m */,
				C9C112051DBDF9D200503177 /* Info.plist */,
			);
			path = "Journey SketchTests";
			sourceTree = "<group>";
		};
		C9C1120D1DBDF9D200503177 /* Journey SketchUITests */ = {
			isa = PBXGroup;
			children = (
				C9C1120E1DBDF9D200503177 /* Journey_SketchUITests.m */,
				C9C112101DBDF9D200503177 /* Info.plist */,
			);
			path = "Journey SketchUITests";
			sourceTree = "<group>";
		};
/* End PBXGroup section */

/* Begin PBXNativeTarget section */
		C9C111E51DBDF9D200503177 /* Journey Sketch */ = {
			isa = PBXNativeTarget;
			buildConfigurationList = C9C112131DBDF9D200503177 /* Build configuration list for PBXNativeTarget "Journey Sketch" */;
			buildPhases = (
				0A903A56C7EF90CDC886694B /* [CP] Check Pods Manifest.lock */,
				C9C111E21DBDF9D200503177 /* Sources */,
				C9C111E31DBDF9D200503177 /* Frameworks */,
				C9C111E41DBDF9D200503177 /* Resources */,
				D795215DB7069B3433BBBD99 /* [CP] Embed Pods Frameworks */,
				CEEE80AE5E0A5925417F26EE /* [CP] Copy Pods Resources */,
			);
			buildRules = (
			);
			dependencies = (
			);
			name = "Journey Sketch";
			productName = "Journey Sketch";
			productReference = C9C111E61DBDF9D200503177 /* Journey Sketch.app */;
			productType = "com.apple.product-type.application";
		};
		C9C111FE1DBDF9D200503177 /* Journey SketchTests */ = {
			isa = PBXNativeTarget;
			buildConfigurationList = C9C112161DBDF9D200503177 /* Build configuration list for PBXNativeTarget "Journey SketchTests" */;
			buildPhases = (
				C9C111FB1DBDF9D200503177 /* Sources */,
				C9C111FC1DBDF9D200503177 /* Frameworks */,
				C9C111FD1DBDF9D200503177 /* Resources */,
			);
			buildRules = (
			);
			dependencies = (
				C9C112011DBDF9D200503177 /* PBXTargetDependency */,
			);
			name = "Journey SketchTests";
			productName = "Journey SketchTests";
			productReference = C9C111FF1DBDF9D200503177 /* Journey SketchTests.xctest */;
			productType = "com.apple.product-type.bundle.unit-test";
		};
		C9C112091DBDF9D200503177 /* Journey SketchUITests */ = {
			isa = PBXNativeTarget;
			buildConfigurationList = C9C112191DBDF9D200503177 /* Build configuration list for PBXNativeTarget "Journey SketchUITests" */;
			buildPhases = (
				C9C112061DBDF9D200503177 /* Sources */,
				C9C112071DBDF9D200503177 /* Frameworks */,
				C9C112081DBDF9D200503177 /* Resources */,
			);
			buildRules = (
			);
			dependencies = (
				C9C1120C1DBDF9D200503177 /* PBXTargetDependency */,
			);
			name = "Journey SketchUITests";
			productName = "Journey SketchUITests";
			productReference = C9C1120A1DBDF9D200503177 /* Journey SketchUITests.xctest */;
			productType = "com.apple.product-type.bundle.ui-testing";
		};
/* End PBXNativeTarget section */

/* Begin PBXProject section */
		C9C111DE1DBDF9D200503177 /* Project object */ = {
			isa = PBXProject;
			attributes = {
				LastUpgradeCheck = 0800;
				ORGANIZATIONNAME = "제갈수민";
				TargetAttributes = {
					C9C111E51DBDF9D200503177 = {
						CreatedOnToolsVersion = 8.0;
						DevelopmentTeam = 3N2B4ECPAU;
						LastSwiftMigration = 0800;
						ProvisioningStyle = Automatic;
					};
					C9C111FE1DBDF9D200503177 = {
						CreatedOnToolsVersion = 8.0;
						DevelopmentTeam = 3N2B4ECPAU;
						ProvisioningStyle = Automatic;
						TestTargetID = C9C111E51DBDF9D200503177;
					};
					C9C112091DBDF9D200503177 = {
						CreatedOnToolsVersion = 8.0;
						DevelopmentTeam = 3N2B4ECPAU;
						ProvisioningStyle = Automatic;
						TestTargetID = C9C111E51DBDF9D200503177;
					};
				};
			};
			buildConfigurationList = C9C111E11DBDF9D200503177 /* Build configuration list for PBXProject "Journey Sketch" */;
			compatibilityVersion = "Xcode 3.2";
			developmentRegion = English;
			hasScannedForEncodings = 0;
			knownRegions = (
				en,
				Base,
			);
			mainGroup = C9C111DD1DBDF9D200503177;
			productRefGroup = C9C111E71DBDF9D200503177 /* Products */;
			projectDirPath = "";
			projectRoot = "";
			targets = (
				C9C111E51DBDF9D200503177 /* Journey Sketch */,
				C9C111FE1DBDF9D200503177 /* Journey SketchTests */,
				C9C112091DBDF9D200503177 /* Journey SketchUITests */,
			);
		};
/* End PBXProject section */

/* Begin PBXResourcesBuildPhase section */
		C9C111E41DBDF9D200503177 /* Resources */ = {
			isa = PBXResourcesBuildPhase;
			buildActionMask = 2147483647;
			files = (
				C91705AF1DFAE36B00A7B272 /* searchPlace.jpg in Resources */,
				C90F1E321E0599D800CE2FE3 /* start.jpg in Resources */,
				C90F1E301E0593A500CE2FE3 /* default_museum.jpg in Resources */,
				C9C111F91DBDF9D200503177 /* LaunchScreen.storyboard in Resources */,
				C90F1E341E059B7300CE2FE3 /* title.png in Resources */,
				C969E8B41DF1CD5200E1DF67 /* clouds-1845097_1280.jpg in Resources */,
				C90959451DF5B47300271D25 /* startImage.png in Resources */,
				C9C111F61DBDF9D200503177 /* Assets.xcassets in Resources */,
				C90959411DF5A07E00271D25 /* historically-1757930_1280.jpg in Resources */,
				C9C111F41DBDF9D200503177 /* Main.storyboard in Resources */,
			);
			runOnlyForDeploymentPostprocessing = 0;
		};
		C9C111FD1DBDF9D200503177 /* Resources */ = {
			isa = PBXResourcesBuildPhase;
			buildActionMask = 2147483647;
			files = (
			);
			runOnlyForDeploymentPostprocessing = 0;
		};
		C9C112081DBDF9D200503177 /* Resources */ = {
			isa = PBXResourcesBuildPhase;
			buildActionMask = 2147483647;
			files = (
			);
			runOnlyForDeploymentPostprocessing = 0;
		};
/* End PBXResourcesBuildPhase section */

/* Begin PBXShellScriptBuildPhase section */
		0A903A56C7EF90CDC886694B /* [CP] Check Pods Manifest.lock */ = {
			isa = PBXShellScriptBuildPhase;
			buildActionMask = 2147483647;
			files = (
			);
			inputPaths = (
			);
			name = "[CP] Check Pods Manifest.lock";
			outputPaths = (
			);
			runOnlyForDeploymentPostprocessing = 0;
			shellPath = /bin/sh;
			shellScript = "diff \"${PODS_ROOT}/../Podfile.lock\" \"${PODS_ROOT}/Manifest.lock\" > /dev/null\nif [ $? != 0 ] ; then\n    # print error to STDERR\n    echo \"error: The sandbox is not in sync with the Podfile.lock. Run 'pod install' or update your CocoaPods installation.\" >&2\n    exit 1\nfi\n";
			showEnvVarsInLog = 0;
		};
		CEEE80AE5E0A5925417F26EE /* [CP] Copy Pods Resources */ = {
			isa = PBXShellScriptBuildPhase;
			buildActionMask = 2147483647;
			files = (
			);
			inputPaths = (
			);
			name = "[CP] Copy Pods Resources";
			outputPaths = (
			);
			runOnlyForDeploymentPostprocessing = 0;
			shellPath = /bin/sh;
			shellScript = "\"${SRCROOT}/Pods/Target Support Files/Pods-Journey Sketch/Pods-Journey Sketch-resources.sh\"\n";
			showEnvVarsInLog = 0;
		};
		D795215DB7069B3433BBBD99 /* [CP] Embed Pods Frameworks */ = {
			isa = PBXShellScriptBuildPhase;
			buildActionMask = 2147483647;
			files = (
			);
			inputPaths = (
			);
			name = "[CP] Embed Pods Frameworks";
			outputPaths = (
			);
			runOnlyForDeploymentPostprocessing = 0;
			shellPath = /bin/sh;
			shellScript = "\"${SRCROOT}/Pods/Target Support Files/Pods-Journey Sketch/Pods-Journey Sketch-frameworks.sh\"\n";
			showEnvVarsInLog = 0;
		};
/* End PBXShellScriptBuildPhase section */

/* Begin PBXSourcesBuildPhase section */
		C9C111E21DBDF9D200503177 /* Sources */ = {
			isa = PBXSourcesBuildPhase;
			buildActionMask = 2147483647;
			files = (
				C91869CD1DF80B16001A6AC2 /* Place+CoreDataProperties.m in Sources */,
				C91869CE1DF80B16001A6AC2 /* Date+CoreDataClass.m in Sources */,
				C9C111F11DBDF9D200503177 /* ViewController.m in Sources */,
				C969E8BA1DF1D43B00E1DF67 /* DayCollectionViewController.m in Sources */,
				C9C111EE1DBDF9D200503177 /* AppDelegate.m in Sources */,
				C909593F1DF59AED00271D25 /* StartPlaceViewController.m in Sources */,
				C9C111EB1DBDF9D200503177 /* main.m in Sources */,
				C9F8E1701DFD2C5400CA2634 /* CreateTripToDayNavigationViewController.m in Sources */,
				C9F9BA211DF160B600F8B2B2 /* PageViewController.m in Sources */,
				C909591B1DF53A3800271D25 /* DayCollectionReusableView.m in Sources */,
				C91869CF1DF80B16001A6AC2 /* Date+CoreDataProperties.m in Sources */,
				C91869D01DF80B16001A6AC2 /* Trip+CoreDataClass.m in Sources */,
				C9186A161DF840B3001A6AC2 /* Trip+CoreDataProperties.m in Sources */,
				C9A8E5E41DF685C20011279A /* PlaceMapViewController.m in Sources */,
				C969E8AE1DF1C9E000E1DF67 /* Journey.xcdatamodeld in Sources */,
				C91869CC1DF80B16001A6AC2 /* Place+CoreDataClass.m in Sources */,
				C90959181DF53A1600271D25 /* DayCollectionViewCell.m in Sources */,
				C909592F1DF587C900271D25 /* TripUICollectionViewController.m in Sources */,
				C9186A1C1DF8498E001A6AC2 /* CreateNewTripViewController.m in Sources */,
				C969E8BD1DF1D94B00E1DF67 /* TripCollectionViewCell.m in Sources */,
				C91869A21DF7F958001A6AC2 /* CoreDataClass.m in Sources */,
				C9A8E5E11DF67EA80011279A /* PlaceViewController.m in Sources */,
			);
			runOnlyForDeploymentPostprocessing = 0;
		};
		C9C111FB1DBDF9D200503177 /* Sources */ = {
			isa = PBXSourcesBuildPhase;
			buildActionMask = 2147483647;
			files = (
				C9C112041DBDF9D200503177 /* Journey_SketchTests.m in Sources */,
			);
			runOnlyForDeploymentPostprocessing = 0;
		};
		C9C112061DBDF9D200503177 /* Sources */ = {
			isa = PBXSourcesBuildPhase;
			buildActionMask = 2147483647;
			files = (
				C9C1120F1DBDF9D200503177 /* Journey_SketchUITests.m in Sources */,
			);
			runOnlyForDeploymentPostprocessing = 0;
		};
/* End PBXSourcesBuildPhase section */

/* Begin PBXTargetDependency section */
		C9C112011DBDF9D200503177 /* PBXTargetDependency */ = {
			isa = PBXTargetDependency;
			target = C9C111E51DBDF9D200503177 /* Journey Sketch */;
			targetProxy = C9C112001DBDF9D200503177 /* PBXContainerItemProxy */;
		};
		C9C1120C1DBDF9D200503177 /* PBXTargetDependency */ = {
			isa = PBXTargetDependency;
			target = C9C111E51DBDF9D200503177 /* Journey Sketch */;
			targetProxy = C9C1120B1DBDF9D200503177 /* PBXContainerItemProxy */;
		};
/* End PBXTargetDependency section */

/* Begin PBXVariantGroup section */
		C9C111F21DBDF9D200503177 /* Main.storyboard */ = {
			isa = PBXVariantGroup;
			children = (
				C9C111F31DBDF9D200503177 /* Base */,
			);
			name = Main.storyboard;
			sourceTree = "<group>";
		};
		C9C111F71DBDF9D200503177 /* LaunchScreen.storyboard */ = {
			isa = PBXVariantGroup;
			children = (
				C9C111F81DBDF9D200503177 /* Base */,
			);
			name = LaunchScreen.storyboard;
			sourceTree = "<group>";
		};
/* End PBXVariantGroup section */

/* Begin XCBuildConfiguration section */
		C9C112111DBDF9D200503177 /* Debug */ = {
			isa = XCBuildConfiguration;
			buildSettings = {
				ALWAYS_SEARCH_USER_PATHS = NO;
				CLANG_ANALYZER_NONNULL = YES;
				CLANG_CXX_LANGUAGE_STANDARD = "gnu++0x";
				CLANG_CXX_LIBRARY = "libc++";
				CLANG_ENABLE_MODULES = YES;
				CLANG_ENABLE_OBJC_ARC = YES;
				CLANG_WARN_BOOL_CONVERSION = YES;
				CLANG_WARN_CONSTANT_CONVERSION = YES;
				CLANG_WARN_DIRECT_OBJC_ISA_USAGE = YES_ERROR;
				CLANG_WARN_DOCUMENTATION_COMMENTS = YES;
				CLANG_WARN_EMPTY_BODY = YES;
				CLANG_WARN_ENUM_CONVERSION = YES;
				CLANG_WARN_INFINITE_RECURSION = YES;
				CLANG_WARN_INT_CONVERSION = YES;
				CLANG_WARN_OBJC_ROOT_CLASS = YES_ERROR;
				CLANG_WARN_SUSPICIOUS_MOVES = YES;
				CLANG_WARN_UNREACHABLE_CODE = YES;
				CLANG_WARN__DUPLICATE_METHOD_MATCH = YES;
				"CODE_SIGN_IDENTITY[sdk=iphoneos*]" = "iPhone Developer";
				COPY_PHASE_STRIP = NO;
				DEBUG_INFORMATION_FORMAT = dwarf;
				ENABLE_STRICT_OBJC_MSGSEND = YES;
				ENABLE_TESTABILITY = YES;
				GCC_C_LANGUAGE_STANDARD = gnu99;
				GCC_DYNAMIC_NO_PIC = NO;
				GCC_NO_COMMON_BLOCKS = YES;
				GCC_OPTIMIZATION_LEVEL = 0;
				GCC_PREPROCESSOR_DEFINITIONS = (
					"DEBUG=1",
					"$(inherited)",
				);
				GCC_WARN_64_TO_32_BIT_CONVERSION = YES;
				GCC_WARN_ABOUT_RETURN_TYPE = YES_ERROR;
				GCC_WARN_UNDECLARED_SELECTOR = YES;
				GCC_WARN_UNINITIALIZED_AUTOS = YES_AGGRESSIVE;
				GCC_WARN_UNUSED_FUNCTION = YES;
				GCC_WARN_UNUSED_VARIABLE = YES;
				IPHONEOS_DEPLOYMENT_TARGET = 10.0;
				MTL_ENABLE_DEBUG_INFO = YES;
				ONLY_ACTIVE_ARCH = YES;
				SDKROOT = iphoneos;
				TARGETED_DEVICE_FAMILY = "1,2";
			};
			name = Debug;
		};
		C9C112121DBDF9D200503177 /* Release */ = {
			isa = XCBuildConfiguration;
			buildSettings = {
				ALWAYS_SEARCH_USER_PATHS = NO;
				CLANG_ANALYZER_NONNULL = YES;
				CLANG_CXX_LANGUAGE_STANDARD = "gnu++0x";
				CLANG_CXX_LIBRARY = "libc++";
				CLANG_ENABLE_MODULES = YES;
				CLANG_ENABLE_OBJC_ARC = YES;
				CLANG_WARN_BOOL_CONVERSION = YES;
				CLANG_WARN_CONSTANT_CONVERSION = YES;
				CLANG_WARN_DIRECT_OBJC_ISA_USAGE = YES_ERROR;
				CLANG_WARN_DOCUMENTATION_COMMENTS = YES;
				CLANG_WARN_EMPTY_BODY = YES;
				CLANG_WARN_ENUM_CONVERSION = YES;
				CLANG_WARN_INFINITE_RECURSION = YES;
				CLANG_WARN_INT_CONVERSION = YES;
				CLANG_WARN_OBJC_ROOT_CLASS = YES_ERROR;
				CLANG_WARN_SUSPICIOUS_MOVES = YES;
				CLANG_WARN_UNREACHABLE_CODE = YES;
				CLANG_WARN__DUPLICATE_METHOD_MATCH = YES;
				"CODE_SIGN_IDENTITY[sdk=iphoneos*]" = "iPhone Developer";
				COPY_PHASE_STRIP = NO;
				DEBUG_INFORMATION_FORMAT = "dwarf-with-dsym";
				ENABLE_NS_ASSERTIONS = NO;
				ENABLE_STRICT_OBJC_MSGSEND = YES;
				GCC_C_LANGUAGE_STANDARD = gnu99;
				GCC_NO_COMMON_BLOCKS = YES;
				GCC_WARN_64_TO_32_BIT_CONVERSION = YES;
				GCC_WARN_ABOUT_RETURN_TYPE = YES_ERROR;
				GCC_WARN_UNDECLARED_SELECTOR = YES;
				GCC_WARN_UNINITIALIZED_AUTOS = YES_AGGRESSIVE;
				GCC_WARN_UNUSED_FUNCTION = YES;
				GCC_WARN_UNUSED_VARIABLE = YES;
				IPHONEOS_DEPLOYMENT_TARGET = 10.0;
				MTL_ENABLE_DEBUG_INFO = NO;
				SDKROOT = iphoneos;
				TARGETED_DEVICE_FAMILY = "1,2";
				VALIDATE_PRODUCT = YES;
			};
			name = Release;
		};
		C9C112141DBDF9D200503177 /* Debug */ = {
			isa = XCBuildConfiguration;
			baseConfigurationReference = EFA8687ABDC97327C65B089D /* Pods-Journey Sketch.debug.xcconfig */;
			buildSettings = {
				ASSETCATALOG_COMPILER_APPICON_NAME = AppIcon;
				CLANG_ENABLE_MODULES = YES;
				DEVELOPMENT_TEAM = 3N2B4ECPAU;
				INFOPLIST_FILE = "Journey Sketch/Info.plist";
				LD_RUNPATH_SEARCH_PATHS = "$(inherited) @executable_path/Frameworks";
				PRODUCT_BUNDLE_IDENTIFIER = "cnu.ac.kr.Journey-Sketch";
				PRODUCT_NAME = "$(TARGET_NAME)";
				SWIFT_OBJC_BRIDGING_HEADER = "Journey Sketch/Journey Sketch-Bridging-Header.h";
				SWIFT_OPTIMIZATION_LEVEL = "-Onone";
				SWIFT_VERSION = 3.0;
			};
			name = Debug;
		};
		C9C112151DBDF9D200503177 /* Release */ = {
			isa = XCBuildConfiguration;
			baseConfigurationReference = 21D1C6F82E94EC43977A8F71 /* Pods-Journey Sketch.release.xcconfig */;
			buildSettings = {
				ASSETCATALOG_COMPILER_APPICON_NAME = AppIcon;
				CLANG_ENABLE_MODULES = YES;
				DEVELOPMENT_TEAM = 3N2B4ECPAU;
				INFOPLIST_FILE = "Journey Sketch/Info.plist";
				LD_RUNPATH_SEARCH_PATHS = "$(inherited) @executable_path/Frameworks";
				PRODUCT_BUNDLE_IDENTIFIER = "cnu.ac.kr.Journey-Sketch";
				PRODUCT_NAME = "$(TARGET_NAME)";
				SWIFT_OBJC_BRIDGING_HEADER = "Journey Sketch/Journey Sketch-Bridging-Header.h";
				SWIFT_VERSION = 3.0;
			};
			name = Release;
		};
		C9C112171DBDF9D200503177 /* Debug */ = {
			isa = XCBuildConfiguration;
			buildSettings = {
				BUNDLE_LOADER = "$(TEST_HOST)";
				DEVELOPMENT_TEAM = 3N2B4ECPAU;
				INFOPLIST_FILE = "Journey SketchTests/Info.plist";
				LD_RUNPATH_SEARCH_PATHS = "$(inherited) @executable_path/Frameworks @loader_path/Frameworks";
				PRODUCT_BUNDLE_IDENTIFIER = "cnu.ac.kr.Journey-SketchTests";
				PRODUCT_NAME = "$(TARGET_NAME)";
				TEST_HOST = "$(BUILT_PRODUCTS_DIR)/Journey Sketch.app/Journey Sketch";
			};
			name = Debug;
		};
		C9C112181DBDF9D200503177 /* Release */ = {
			isa = XCBuildConfiguration;
			buildSettings = {
				BUNDLE_LOADER = "$(TEST_HOST)";
				DEVELOPMENT_TEAM = 3N2B4ECPAU;
				INFOPLIST_FILE = "Journey SketchTests/Info.plist";
				LD_RUNPATH_SEARCH_PATHS = "$(inherited) @executable_path/Frameworks @loader_path/Frameworks";
				PRODUCT_BUNDLE_IDENTIFIER = "cnu.ac.kr.Journey-SketchTests";
				PRODUCT_NAME = "$(TARGET_NAME)";
				TEST_HOST = "$(BUILT_PRODUCTS_DIR)/Journey Sketch.app/Journey Sketch";
			};
			name = Release;
		};
		C9C1121A1DBDF9D200503177 /* Debug */ = {
			isa = XCBuildConfiguration;
			buildSettings = {
				DEVELOPMENT_TEAM = 3N2B4ECPAU;
				INFOPLIST_FILE = "Journey SketchUITests/Info.plist";
				LD_RUNPATH_SEARCH_PATHS = "$(inherited) @executable_path/Frameworks @loader_path/Frameworks";
				PRODUCT_BUNDLE_IDENTIFIER = "cnu.ac.kr.Journey-SketchUITests";
				PRODUCT_NAME = "$(TARGET_NAME)";
				TEST_TARGET_NAME = "Journey Sketch";
			};
			name = Debug;
		};
		C9C1121B1DBDF9D200503177 /* Release */ = {
			isa = XCBuildConfiguration;
			buildSettings = {
				DEVELOPMENT_TEAM = 3N2B4ECPAU;
				INFOPLIST_FILE = "Journey SketchUITests/Info.plist";
				LD_RUNPATH_SEARCH_PATHS = "$(inherited) @executable_path/Frameworks @loader_path/Frameworks";
				PRODUCT_BUNDLE_IDENTIFIER = "cnu.ac.kr.Journey-SketchUITests";
				PRODUCT_NAME = "$(TARGET_NAME)";
				TEST_TARGET_NAME = "Journey Sketch";
			};
			name = Release;
		};
/* End XCBuildConfiguration section */

/* Begin XCConfigurationList section */
		C9C111E11DBDF9D200503177 /* Build configuration list for PBXProject "Journey Sketch" */ = {
			isa = XCConfigurationList;
			buildConfigurations = (
				C9C112111DBDF9D200503177 /* Debug */,
				C9C112121DBDF9D200503177 /* Release */,
			);
			defaultConfigurationIsVisible = 0;
			defaultConfigurationName = Release;
		};
		C9C112131DBDF9D200503177 /* Build configuration list for PBXNativeTarget "Journey Sketch" */ = {
			isa = XCConfigurationList;
			buildConfigurations = (
				C9C112141DBDF9D200503177 /* Debug */,
				C9C112151DBDF9D200503177 /* Release */,
			);
			defaultConfigurationIsVisible = 0;
			defaultConfigurationName = Release;
		};
		C9C112161DBDF9D200503177 /* Build configuration list for PBXNativeTarget "Journey SketchTests" */ = {
			isa = XCConfigurationList;
			buildConfigurations = (
				C9C112171DBDF9D200503177 /* Debug */,
				C9C112181DBDF9D200503177 /* Release */,
			);
			defaultConfigurationIsVisible = 0;
			defaultConfigurationName = Release;
		};
		C9C112191DBDF9D200503177 /* Build configuration list for PBXNativeTarget "Journey SketchUITests" */ = {
			isa = XCConfigurationList;
			buildConfigurations = (
				C9C1121A1DBDF9D200503177 /* Debug */,
				C9C1121B1DBDF9D200503177 /* Release */,
			);
			defaultConfigurationIsVisible = 0;
			defaultConfigurationName = Release;
		};
/* End XCConfigurationList section */

/* Begin XCVersionGroup section */
		C969E8AC1DF1C9E000E1DF67 /* Journey.xcdatamodeld */ = {
			isa = XCVersionGroup;
			children = (
				C969E8AD1DF1C9E000E1DF67 /* Journey.xcdatamodel */,
			);
			currentVersion = C969E8AD1DF1C9E000E1DF67 /* Journey.xcdatamodel */;
			path = Journey.xcdatamodeld;
			sourceTree = "<group>";
			versionGroupType = wrapper.xcdatamodel;
		};
/* End XCVersionGroup section */
	};
	rootObject = C9C111DE1DBDF9D200503177 /* Project object */;
}
